
Microsoft Visual Studio Solution File, Format Version 12.00
# Visual Studio Version 17
VisualStudioVersion = 17.14.36414.22
MinimumVisualStudioVersion = 10.0.40219.1
Project("{2150E333-8FDC-42A3-9474-1A3956D46DE8}") = "src", "src", "{02EA681E-C7D8-13C7-8484-4AC65E1B71E8}"
EndProject
Project("{FAE04EC0-301F-11D3-BF4B-00C04F79EFBC}") = "GameNest.AppHost", "src\GameNest.AppHost\GameNest.AppHost.csproj", "{48A71EA5-6F35-482B-B5E0-65AD496B6AF8}"
EndProject
Project("{2150E333-8FDC-42A3-9474-1A3956D46DE8}") = "CatalogService", "CatalogService", "{04DA8391-0D7F-4D12-9AAF-E8FF2918CF4D}"
EndProject
Project("{2150E333-8FDC-42A3-9474-1A3956D46DE8}") = "OrderService", "OrderService", "{580A863D-3884-4D20-AF21-8212795C16DB}"
EndProject
Project("{FAE04EC0-301F-11D3-BF4B-00C04F79EFBC}") = "GameNest.CatalogService.Api", "src\CatalogService\GameNest.CatalogService.Api\GameNest.CatalogService.Api.csproj", "{8668DCCB-A3C0-98C0-37E7-6CB7AD7976FD}"
EndProject
Project("{FAE04EC0-301F-11D3-BF4B-00C04F79EFBC}") = "GameNest.CatalogService.BLL", "src\CatalogService\GameNest.CatalogService.BLL\GameNest.CatalogService.BLL.csproj", "{27C21039-5B5A-A2B2-DA38-DA50CFA0A93D}"
EndProject
Project("{FAE04EC0-301F-11D3-BF4B-00C04F79EFBC}") = "GameNest.CatalogService.DAL", "src\CatalogService\GameNest.CatalogService.DAL\GameNest.CatalogService.DAL.csproj", "{B8C7934E-3AB4-F4C7-C112-2EDF20672385}"
EndProject
Project("{FAE04EC0-301F-11D3-BF4B-00C04F79EFBC}") = "GameNest.CatalogService.Domain", "src\CatalogService\GameNest.CatalogService.Domain\GameNest.CatalogService.Domain.csproj", "{ABBAC811-6485-0ED8-CCB7-A06C9474F19D}"
EndProject
Project("{FAE04EC0-301F-11D3-BF4B-00C04F79EFBC}") = "GameNest.OrderService.Api", "src\OrderService\GameNest.OrderService.Api\GameNest.OrderService.Api.csproj", "{DFAA7AE7-6C12-A703-BF6F-9C2C5C6D2B60}"
EndProject
Project("{FAE04EC0-301F-11D3-BF4B-00C04F79EFBC}") = "GameNest.OrderService.BLL", "src\OrderService\GameNest.OrderService.BLL\GameNest.OrderService.BLL.csproj", "{0B1BCAB9-F73A-FE05-D5F7-E871D4E85AA8}"
EndProject
Project("{FAE04EC0-301F-11D3-BF4B-00C04F79EFBC}") = "GameNest.OrderService.DAL", "src\OrderService\GameNest.OrderService.DAL\GameNest.OrderService.DAL.csproj", "{2CE40070-9CA0-A6BA-CF81-719C2C08DCFF}"
EndProject
Project("{FAE04EC0-301F-11D3-BF4B-00C04F79EFBC}") = "GameNest.OrderService.Domain", "src\OrderService\GameNest.OrderService.Domain\GameNest.OrderService.Domain.csproj", "{DB41B233-2D70-B81F-534E-38196FCF9A1C}"
EndProject
Project("{2150E333-8FDC-42A3-9474-1A3956D46DE8}") = "ReviewsService", "ReviewsService", "{B5035B74-F221-4003-96AD-0BD2E9B4907D}"
EndProject
Project("{FAE04EC0-301F-11D3-BF4B-00C04F79EFBC}") = "GameNest.ReviewsService.Api", "src\ReviewsService\GameNest.ReviewsService.Api\GameNest.ReviewsService.Api.csproj", "{F8056F01-AF4D-4838-974E-690A744165D5}"
EndProject
Project("{FAE04EC0-301F-11D3-BF4B-00C04F79EFBC}") = "GameNest.ReviewsService.Domain", "src\ReviewsService\GameNest.ReviewsService.Domain\GameNest.ReviewsService.Domain.csproj", "{3D673843-12B9-4DB1-9A79-9FFA3D7AF295}"
EndProject
Project("{FAE04EC0-301F-11D3-BF4B-00C04F79EFBC}") = "GameNest.ReviewsService.Application", "src\ReviewsService\GameNest.ReviewsService.Application\GameNest.ReviewsService.Application.csproj", "{6155BEC4-4A82-4EE0-9441-DAD61E23EACE}"
EndProject
Project("{FAE04EC0-301F-11D3-BF4B-00C04F79EFBC}") = "GameNest.ReviewsService.Infrastructure", "src\ReviewsService\GameNest.ReviewsService.Infrastructure\GameNest.ReviewsService.Infrastructure.csproj", "{76CDE216-51A0-442E-8943-FB97815595B0}"
EndProject
Project("{2150E333-8FDC-42A3-9474-1A3956D46DE8}") = "shared", "shared", "{92C0D404-BB24-4D8D-9141-B3F2F378A11E}"
EndProject
Project("{FAE04EC0-301F-11D3-BF4B-00C04F79EFBC}") = "GameNest.ServiceDefaults", "shared\GameNest.ServiceDefaults\GameNest.ServiceDefaults.csproj", "{F0796E0D-F9E8-4923-9FE6-CD6AE75DFE21}"
EndProject
Project("{FAE04EC0-301F-11D3-BF4B-00C04F79EFBC}") = "GameNest.ApiGateway", "src\GameNest.ApiGateway\GameNest.ApiGateway.csproj", "{1234083F-15A3-455F-99E2-9B9503BCF463}"
EndProject
Project("{2150E333-8FDC-42A3-9474-1A3956D46DE8}") = "AggregatorService", "AggregatorService", "{76505B7D-4826-4404-9207-56775A5817B5}"
EndProject
Project("{FAE04EC0-301F-11D3-BF4B-00C04F79EFBC}") = "GameNest.AggregatorService", "src\AggregatorService\GameNest.AggregatorService\GameNest.AggregatorService.csproj", "{3B1279BC-1333-4BF6-A017-452D0741D65A}"
EndProject
Project("{FAE04EC0-301F-11D3-BF4B-00C04F79EFBC}") = "GameNest.Shared", "shared\GameNest.Shared\GameNest.Shared.csproj", "{A50DEF2F-F0B5-484B-937D-BD184DD82AC9}"
EndProject
Project("{FAE04EC0-301F-11D3-BF4B-00C04F79EFBC}") = "GameNest.GrpcContracts", "shared\GameNest.GrpcContracts\GameNest.GrpcContracts.csproj", "{7DFB59F4-0395-48AC-BDF9-8A089B911565}"
EndProject
Project("{FAE04EC0-301F-11D3-BF4B-00C04F79EFBC}") = "GameNest.CatalogService.Grpc", "src\CatalogService\GameNest.CatalogService.Grpc\GameNest.CatalogService.Grpc.csproj", "{417AF49A-AB8B-4A04-B7F5-4A1067F4C0B0}"
EndProject
Project("{FAE04EC0-301F-11D3-BF4B-00C04F79EFBC}") = "GameNest.ReviewsService.Grpc", "src\ReviewsService\GameNest.ReviewsService.Grpc\GameNest.ReviewsService.Grpc.csproj", "{147B58A9-6F6E-43FB-8D7E-D5A846E0A482}"
EndProject
Project("{FAE04EC0-301F-11D3-BF4B-00C04F79EFBC}") = "GameNest.OrderService.Grpc", "src\OrderService\GameNest.OrderService.Grpc\GameNest.OrderService.Grpc.csproj", "{1AEDD36C-FA04-49DE-BB91-C950AA215EF3}"
EndProject
Project("{2150E333-8FDC-42A3-9474-1A3956D46DE8}") = "CartService", "CartService", "{E166C1B6-1BD6-4EF5-ACA4-FC4E35892386}"
EndProject
Project("{FAE04EC0-301F-11D3-BF4B-00C04F79EFBC}") = "GameNest.CartService.Api", "src\CartService\GameNest.CartService.Api\GameNest.CartService.Api.csproj", "{8BE8AB9F-2085-4D0C-8B43-9873BA7CC6C9}"
EndProject
Project("{FAE04EC0-301F-11D3-BF4B-00C04F79EFBC}") = "GameNest.CartService.BLL", "src\CartService\GameNest.CartService.BLL\GameNest.CartService.BLL.csproj", "{D0FCFEAD-4C86-4512-8C31-067D79E3308D}"
EndProject
Project("{FAE04EC0-301F-11D3-BF4B-00C04F79EFBC}") = "GameNest.CartService.DAL", "src\CartService\GameNest.CartService.DAL\GameNest.CartService.DAL.csproj", "{98E55EA7-3A1C-4CDF-83B0-D822C05B85A8}"
EndProject
Project("{FAE04EC0-301F-11D3-BF4B-00C04F79EFBC}") = "GameNest.CartService.Domain", "src\CartService\GameNest.CartService.Domain\GameNest.CartService.Domain.csproj", "{374C598C-E3FA-4D23-BF05-73AB7A7DAC3E}"
EndProject
Global
	GlobalSection(SolutionConfigurationPlatforms) = preSolution
		Debug|Any CPU = Debug|Any CPU
		Release|Any CPU = Release|Any CPU
	EndGlobalSection
	GlobalSection(ProjectConfigurationPlatforms) = postSolution
		{48A71EA5-6F35-482B-B5E0-65AD496B6AF8}.Debug|Any CPU.ActiveCfg = Debug|Any CPU
		{48A71EA5-6F35-482B-B5E0-65AD496B6AF8}.Debug|Any CPU.Build.0 = Debug|Any CPU
		{48A71EA5-6F35-482B-B5E0-65AD496B6AF8}.Release|Any CPU.ActiveCfg = Release|Any CPU
		{48A71EA5-6F35-482B-B5E0-65AD496B6AF8}.Release|Any CPU.Build.0 = Release|Any CPU
		{8668DCCB-A3C0-98C0-37E7-6CB7AD7976FD}.Debug|Any CPU.ActiveCfg = Debug|Any CPU
		{8668DCCB-A3C0-98C0-37E7-6CB7AD7976FD}.Debug|Any CPU.Build.0 = Debug|Any CPU
		{8668DCCB-A3C0-98C0-37E7-6CB7AD7976FD}.Release|Any CPU.ActiveCfg = Release|Any CPU
		{8668DCCB-A3C0-98C0-37E7-6CB7AD7976FD}.Release|Any CPU.Build.0 = Release|Any CPU
		{27C21039-5B5A-A2B2-DA38-DA50CFA0A93D}.Debug|Any CPU.ActiveCfg = Debug|Any CPU
		{27C21039-5B5A-A2B2-DA38-DA50CFA0A93D}.Debug|Any CPU.Build.0 = Debug|Any CPU
		{27C21039-5B5A-A2B2-DA38-DA50CFA0A93D}.Release|Any CPU.ActiveCfg = Release|Any CPU
		{27C21039-5B5A-A2B2-DA38-DA50CFA0A93D}.Release|Any CPU.Build.0 = Release|Any CPU
		{B8C7934E-3AB4-F4C7-C112-2EDF20672385}.Debug|Any CPU.ActiveCfg = Debug|Any CPU
		{B8C7934E-3AB4-F4C7-C112-2EDF20672385}.Debug|Any CPU.Build.0 = Debug|Any CPU
		{B8C7934E-3AB4-F4C7-C112-2EDF20672385}.Release|Any CPU.ActiveCfg = Release|Any CPU
		{B8C7934E-3AB4-F4C7-C112-2EDF20672385}.Release|Any CPU.Build.0 = Release|Any CPU
		{ABBAC811-6485-0ED8-CCB7-A06C9474F19D}.Debug|Any CPU.ActiveCfg = Debug|Any CPU
		{ABBAC811-6485-0ED8-CCB7-A06C9474F19D}.Debug|Any CPU.Build.0 = Debug|Any CPU
		{ABBAC811-6485-0ED8-CCB7-A06C9474F19D}.Release|Any CPU.ActiveCfg = Release|Any CPU
		{ABBAC811-6485-0ED8-CCB7-A06C9474F19D}.Release|Any CPU.Build.0 = Release|Any CPU
		{DFAA7AE7-6C12-A703-BF6F-9C2C5C6D2B60}.Debug|Any CPU.ActiveCfg = Debug|Any CPU
		{DFAA7AE7-6C12-A703-BF6F-9C2C5C6D2B60}.Debug|Any CPU.Build.0 = Debug|Any CPU
		{DFAA7AE7-6C12-A703-BF6F-9C2C5C6D2B60}.Release|Any CPU.ActiveCfg = Release|Any CPU
		{DFAA7AE7-6C12-A703-BF6F-9C2C5C6D2B60}.Release|Any CPU.Build.0 = Release|Any CPU
		{0B1BCAB9-F73A-FE05-D5F7-E871D4E85AA8}.Debug|Any CPU.ActiveCfg = Debug|Any CPU
		{0B1BCAB9-F73A-FE05-D5F7-E871D4E85AA8}.Debug|Any CPU.Build.0 = Debug|Any CPU
		{0B1BCAB9-F73A-FE05-D5F7-E871D4E85AA8}.Release|Any CPU.ActiveCfg = Release|Any CPU
		{0B1BCAB9-F73A-FE05-D5F7-E871D4E85AA8}.Release|Any CPU.Build.0 = Release|Any CPU
		{2CE40070-9CA0-A6BA-CF81-719C2C08DCFF}.Debug|Any CPU.ActiveCfg = Debug|Any CPU
		{2CE40070-9CA0-A6BA-CF81-719C2C08DCFF}.Debug|Any CPU.Build.0 = Debug|Any CPU
		{2CE40070-9CA0-A6BA-CF81-719C2C08DCFF}.Release|Any CPU.ActiveCfg = Release|Any CPU
		{2CE40070-9CA0-A6BA-CF81-719C2C08DCFF}.Release|Any CPU.Build.0 = Release|Any CPU
		{DB41B233-2D70-B81F-534E-38196FCF9A1C}.Debug|Any CPU.ActiveCfg = Debug|Any CPU
		{DB41B233-2D70-B81F-534E-38196FCF9A1C}.Debug|Any CPU.Build.0 = Debug|Any CPU
		{DB41B233-2D70-B81F-534E-38196FCF9A1C}.Release|Any CPU.ActiveCfg = Release|Any CPU
		{DB41B233-2D70-B81F-534E-38196FCF9A1C}.Release|Any CPU.Build.0 = Release|Any CPU
		{F8056F01-AF4D-4838-974E-690A744165D5}.Debug|Any CPU.ActiveCfg = Debug|Any CPU
		{F8056F01-AF4D-4838-974E-690A744165D5}.Debug|Any CPU.Build.0 = Debug|Any CPU
		{F8056F01-AF4D-4838-974E-690A744165D5}.Release|Any CPU.ActiveCfg = Release|Any CPU
		{F8056F01-AF4D-4838-974E-690A744165D5}.Release|Any CPU.Build.0 = Release|Any CPU
		{3D673843-12B9-4DB1-9A79-9FFA3D7AF295}.Debug|Any CPU.ActiveCfg = Debug|Any CPU
		{3D673843-12B9-4DB1-9A79-9FFA3D7AF295}.Debug|Any CPU.Build.0 = Debug|Any CPU
		{3D673843-12B9-4DB1-9A79-9FFA3D7AF295}.Release|Any CPU.ActiveCfg = Release|Any CPU
		{3D673843-12B9-4DB1-9A79-9FFA3D7AF295}.Release|Any CPU.Build.0 = Release|Any CPU
		{6155BEC4-4A82-4EE0-9441-DAD61E23EACE}.Debug|Any CPU.ActiveCfg = Debug|Any CPU
		{6155BEC4-4A82-4EE0-9441-DAD61E23EACE}.Debug|Any CPU.Build.0 = Debug|Any CPU
		{6155BEC4-4A82-4EE0-9441-DAD61E23EACE}.Release|Any CPU.ActiveCfg = Release|Any CPU
		{6155BEC4-4A82-4EE0-9441-DAD61E23EACE}.Release|Any CPU.Build.0 = Release|Any CPU
		{76CDE216-51A0-442E-8943-FB97815595B0}.Debug|Any CPU.ActiveCfg = Debug|Any CPU
		{76CDE216-51A0-442E-8943-FB97815595B0}.Debug|Any CPU.Build.0 = Debug|Any CPU
		{76CDE216-51A0-442E-8943-FB97815595B0}.Release|Any CPU.ActiveCfg = Release|Any CPU
		{76CDE216-51A0-442E-8943-FB97815595B0}.Release|Any CPU.Build.0 = Release|Any CPU
		{F0796E0D-F9E8-4923-9FE6-CD6AE75DFE21}.Debug|Any CPU.ActiveCfg = Debug|Any CPU
		{F0796E0D-F9E8-4923-9FE6-CD6AE75DFE21}.Debug|Any CPU.Build.0 = Debug|Any CPU
		{F0796E0D-F9E8-4923-9FE6-CD6AE75DFE21}.Release|Any CPU.ActiveCfg = Release|Any CPU
		{F0796E0D-F9E8-4923-9FE6-CD6AE75DFE21}.Release|Any CPU.Build.0 = Release|Any CPU
		{1234083F-15A3-455F-99E2-9B9503BCF463}.Debug|Any CPU.ActiveCfg = Debug|Any CPU
		{1234083F-15A3-455F-99E2-9B9503BCF463}.Debug|Any CPU.Build.0 = Debug|Any CPU
		{1234083F-15A3-455F-99E2-9B9503BCF463}.Release|Any CPU.ActiveCfg = Release|Any CPU
		{1234083F-15A3-455F-99E2-9B9503BCF463}.Release|Any CPU.Build.0 = Release|Any CPU
		{3B1279BC-1333-4BF6-A017-452D0741D65A}.Debug|Any CPU.ActiveCfg = Debug|Any CPU
		{3B1279BC-1333-4BF6-A017-452D0741D65A}.Debug|Any CPU.Build.0 = Debug|Any CPU
		{3B1279BC-1333-4BF6-A017-452D0741D65A}.Release|Any CPU.ActiveCfg = Release|Any CPU
		{3B1279BC-1333-4BF6-A017-452D0741D65A}.Release|Any CPU.Build.0 = Release|Any CPU
		{A50DEF2F-F0B5-484B-937D-BD184DD82AC9}.Debug|Any CPU.ActiveCfg = Debug|Any CPU
		{A50DEF2F-F0B5-484B-937D-BD184DD82AC9}.Debug|Any CPU.Build.0 = Debug|Any CPU
		{A50DEF2F-F0B5-484B-937D-BD184DD82AC9}.Release|Any CPU.ActiveCfg = Release|Any CPU
		{A50DEF2F-F0B5-484B-937D-BD184DD82AC9}.Release|Any CPU.Build.0 = Release|Any CPU
		{7DFB59F4-0395-48AC-BDF9-8A089B911565}.Debug|Any CPU.ActiveCfg = Debug|Any CPU
		{7DFB59F4-0395-48AC-BDF9-8A089B911565}.Debug|Any CPU.Build.0 = Debug|Any CPU
		{7DFB59F4-0395-48AC-BDF9-8A089B911565}.Release|Any CPU.ActiveCfg = Release|Any CPU
		{7DFB59F4-0395-48AC-BDF9-8A089B911565}.Release|Any CPU.Build.0 = Release|Any CPU
		{417AF49A-AB8B-4A04-B7F5-4A1067F4C0B0}.Debug|Any CPU.ActiveCfg = Debug|Any CPU
		{417AF49A-AB8B-4A04-B7F5-4A1067F4C0B0}.Debug|Any CPU.Build.0 = Debug|Any CPU
		{417AF49A-AB8B-4A04-B7F5-4A1067F4C0B0}.Release|Any CPU.ActiveCfg = Release|Any CPU
		{417AF49A-AB8B-4A04-B7F5-4A1067F4C0B0}.Release|Any CPU.Build.0 = Release|Any CPU
		{147B58A9-6F6E-43FB-8D7E-D5A846E0A482}.Debug|Any CPU.ActiveCfg = Debug|Any CPU
		{147B58A9-6F6E-43FB-8D7E-D5A846E0A482}.Debug|Any CPU.Build.0 = Debug|Any CPU
		{147B58A9-6F6E-43FB-8D7E-D5A846E0A482}.Release|Any CPU.ActiveCfg = Release|Any CPU
		{147B58A9-6F6E-43FB-8D7E-D5A846E0A482}.Release|Any CPU.Build.0 = Release|Any CPU
		{1AEDD36C-FA04-49DE-BB91-C950AA215EF3}.Debug|Any CPU.ActiveCfg = Debug|Any CPU
		{1AEDD36C-FA04-49DE-BB91-C950AA215EF3}.Debug|Any CPU.Build.0 = Debug|Any CPU
		{1AEDD36C-FA04-49DE-BB91-C950AA215EF3}.Release|Any CPU.ActiveCfg = Release|Any CPU
		{1AEDD36C-FA04-49DE-BB91-C950AA215EF3}.Release|Any CPU.Build.0 = Release|Any CPU
		{8BE8AB9F-2085-4D0C-8B43-9873BA7CC6C9}.Debug|Any CPU.ActiveCfg = Debug|Any CPU
		{8BE8AB9F-2085-4D0C-8B43-9873BA7CC6C9}.Debug|Any CPU.Build.0 = Debug|Any CPU
		{8BE8AB9F-2085-4D0C-8B43-9873BA7CC6C9}.Release|Any CPU.ActiveCfg = Release|Any CPU
		{8BE8AB9F-2085-4D0C-8B43-9873BA7CC6C9}.Release|Any CPU.Build.0 = Release|Any CPU
		{D0FCFEAD-4C86-4512-8C31-067D79E3308D}.Debug|Any CPU.ActiveCfg = Debug|Any CPU
		{D0FCFEAD-4C86-4512-8C31-067D79E3308D}.Debug|Any CPU.Build.0 = Debug|Any CPU
		{D0FCFEAD-4C86-4512-8C31-067D79E3308D}.Release|Any CPU.ActiveCfg = Release|Any CPU
		{D0FCFEAD-4C86-4512-8C31-067D79E3308D}.Release|Any CPU.Build.0 = Release|Any CPU
		{98E55EA7-3A1C-4CDF-83B0-D822C05B85A8}.Debug|Any CPU.ActiveCfg = Debug|Any CPU
		{98E55EA7-3A1C-4CDF-83B0-D822C05B85A8}.Debug|Any CPU.Build.0 = Debug|Any CPU
		{98E55EA7-3A1C-4CDF-83B0-D822C05B85A8}.Release|Any CPU.ActiveCfg = Release|Any CPU
		{98E55EA7-3A1C-4CDF-83B0-D822C05B85A8}.Release|Any CPU.Build.0 = Release|Any CPU
		{374C598C-E3FA-4D23-BF05-73AB7A7DAC3E}.Debug|Any CPU.ActiveCfg = Debug|Any CPU
		{374C598C-E3FA-4D23-BF05-73AB7A7DAC3E}.Debug|Any CPU.Build.0 = Debug|Any CPU
		{374C598C-E3FA-4D23-BF05-73AB7A7DAC3E}.Release|Any CPU.ActiveCfg = Release|Any CPU
		{374C598C-E3FA-4D23-BF05-73AB7A7DAC3E}.Release|Any CPU.Build.0 = Release|Any CPU
	EndGlobalSection
	GlobalSection(SolutionProperties) = preSolution
		HideSolutionNode = FALSE
	EndGlobalSection
	GlobalSection(NestedProjects) = preSolution
		{48A71EA5-6F35-482B-B5E0-65AD496B6AF8} = {02EA681E-C7D8-13C7-8484-4AC65E1B71E8}
		{04DA8391-0D7F-4D12-9AAF-E8FF2918CF4D} = {02EA681E-C7D8-13C7-8484-4AC65E1B71E8}
		{580A863D-3884-4D20-AF21-8212795C16DB} = {02EA681E-C7D8-13C7-8484-4AC65E1B71E8}
		{8668DCCB-A3C0-98C0-37E7-6CB7AD7976FD} = {04DA8391-0D7F-4D12-9AAF-E8FF2918CF4D}
		{27C21039-5B5A-A2B2-DA38-DA50CFA0A93D} = {04DA8391-0D7F-4D12-9AAF-E8FF2918CF4D}
		{B8C7934E-3AB4-F4C7-C112-2EDF20672385} = {04DA8391-0D7F-4D12-9AAF-E8FF2918CF4D}
		{ABBAC811-6485-0ED8-CCB7-A06C9474F19D} = {04DA8391-0D7F-4D12-9AAF-E8FF2918CF4D}
		{DFAA7AE7-6C12-A703-BF6F-9C2C5C6D2B60} = {580A863D-3884-4D20-AF21-8212795C16DB}
		{0B1BCAB9-F73A-FE05-D5F7-E871D4E85AA8} = {580A863D-3884-4D20-AF21-8212795C16DB}
		{2CE40070-9CA0-A6BA-CF81-719C2C08DCFF} = {580A863D-3884-4D20-AF21-8212795C16DB}
		{DB41B233-2D70-B81F-534E-38196FCF9A1C} = {580A863D-3884-4D20-AF21-8212795C16DB}
		{B5035B74-F221-4003-96AD-0BD2E9B4907D} = {02EA681E-C7D8-13C7-8484-4AC65E1B71E8}
		{F8056F01-AF4D-4838-974E-690A744165D5} = {B5035B74-F221-4003-96AD-0BD2E9B4907D}
		{3D673843-12B9-4DB1-9A79-9FFA3D7AF295} = {B5035B74-F221-4003-96AD-0BD2E9B4907D}
		{6155BEC4-4A82-4EE0-9441-DAD61E23EACE} = {B5035B74-F221-4003-96AD-0BD2E9B4907D}
		{76CDE216-51A0-442E-8943-FB97815595B0} = {B5035B74-F221-4003-96AD-0BD2E9B4907D}
		{F0796E0D-F9E8-4923-9FE6-CD6AE75DFE21} = {92C0D404-BB24-4D8D-9141-B3F2F378A11E}
		{1234083F-15A3-455F-99E2-9B9503BCF463} = {02EA681E-C7D8-13C7-8484-4AC65E1B71E8}
		{76505B7D-4826-4404-9207-56775A5817B5} = {02EA681E-C7D8-13C7-8484-4AC65E1B71E8}
		{3B1279BC-1333-4BF6-A017-452D0741D65A} = {76505B7D-4826-4404-9207-56775A5817B5}
		{A50DEF2F-F0B5-484B-937D-BD184DD82AC9} = {92C0D404-BB24-4D8D-9141-B3F2F378A11E}
		{7DFB59F4-0395-48AC-BDF9-8A089B911565} = {92C0D404-BB24-4D8D-9141-B3F2F378A11E}
		{417AF49A-AB8B-4A04-B7F5-4A1067F4C0B0} = {04DA8391-0D7F-4D12-9AAF-E8FF2918CF4D}
		{147B58A9-6F6E-43FB-8D7E-D5A846E0A482} = {B5035B74-F221-4003-96AD-0BD2E9B4907D}
		{1AEDD36C-FA04-49DE-BB91-C950AA215EF3} = {580A863D-3884-4D20-AF21-8212795C16DB}
		{E166C1B6-1BD6-4EF5-ACA4-FC4E35892386} = {02EA681E-C7D8-13C7-8484-4AC65E1B71E8}
		{8BE8AB9F-2085-4D0C-8B43-9873BA7CC6C9} = {E166C1B6-1BD6-4EF5-ACA4-FC4E35892386}
		{D0FCFEAD-4C86-4512-8C31-067D79E3308D} = {E166C1B6-1BD6-4EF5-ACA4-FC4E35892386}
		{98E55EA7-3A1C-4CDF-83B0-D822C05B85A8} = {E166C1B6-1BD6-4EF5-ACA4-FC4E35892386}
		{374C598C-E3FA-4D23-BF05-73AB7A7DAC3E} = {E166C1B6-1BD6-4EF5-ACA4-FC4E35892386}
	EndGlobalSection
	GlobalSection(ExtensibilityGlobals) = postSolution
		SolutionGuid = {BFE9F865-6438-4B5B-A53A-E7ABF9EDEA19}
	EndGlobalSection
EndGlobal
